# THIS IS AN AUTOGENERATED FILE. DO NOT EDIT THIS FILE DIRECTLY.
# yarn lockfile v1


eslint-config-ebay@^0.1.5:
  version "0.1.5"
  resolved "https://registry.yarnpkg.com/eslint-config-ebay/-/eslint-config-ebay-0.1.5.tgz#5103e2b5132e65d83d86dc10430359c230050848"

jquery-active-descendant@~0.17:
  version "0.17.0"
  resolved "https://registry.yarnpkg.com/jquery-active-descendant/-/jquery-active-descendant-0.17.0.tgz#f9175b392d3e34c51f7065f4aabd9b73c319b530"

jquery-click-flyout@>=0.0.5:
  version "0.0.9"
  resolved "https://registry.yarnpkg.com/jquery-click-flyout/-/jquery-click-flyout-0.0.9.tgz#9e390e9163b7911b405077a698a041528c1b54c3"

jquery-common-keydown@>=0.3.1:
  version "0.3.1"
  resolved "https://registry.yarnpkg.com/jquery-common-keydown/-/jquery-common-keydown-0.3.1.tgz#10d013a6bf331033cd4668aec97a4b948142dd90"

jquery-dialog@>=0.2.2:
  version "0.5.1"
  resolved "https://registry.yarnpkg.com/jquery-dialog/-/jquery-dialog-0.5.1.tgz#d5620a4f223c7948f5543e21a7a047dc25637196"

jquery-focus-exit@>=0.3.1:
  version "1.0.0"
  resolved "https://registry.yarnpkg.com/jquery-focus-exit/-/jquery-focus-exit-1.0.0.tgz#75c093de3d310aee6607b7f2bd76398e171248f3"
  dependencies:
    eslint-config-ebay "^0.1.5"

jquery-focus-flyout@>=0.0.4:
  version "0.0.4"
  resolved "https://registry.yarnpkg.com/jquery-focus-flyout/-/jquery-focus-flyout-0.0.4.tgz#2a31d55fdc61290faccc72828d268751588bb175"

jquery-focusable@~0.3:
  version "0.3.0"
  resolved "https://registry.yarnpkg.com/jquery-focusable/-/jquery-focusable-0.3.0.tgz#4932ed55fde18d74f08a06783a2f14782afcacd1"

jquery-grid-navigation@~0.1:
  version "0.1.0"
  resolved "https://registry.yarnpkg.com/jquery-grid-navigation/-/jquery-grid-navigation-0.1.0.tgz#e877f67364befb3ef09284f54deb11f3b9718387"

jquery-hijax-button@~0.0:
  version "0.0.1"
  resolved "https://registry.yarnpkg.com/jquery-hijax-button/-/jquery-hijax-button-0.0.1.tgz#11626d990053ac482e5f416bbbe6c82b3ff0e349"

jquery-hover-flyout@>=0.0.4:
  version "0.0.4"
  resolved "https://registry.yarnpkg.com/jquery-hover-flyout/-/jquery-hover-flyout-0.0.4.tgz#ab165e4ba04ac3e40a6cd0c3d4813fe643c94bbf"

jquery-keyboard-trap@~0.4:
  version "0.4.0"
  resolved "https://registry.yarnpkg.com/jquery-keyboard-trap/-/jquery-keyboard-trap-0.4.0.tgz#2efd57994cce8e3a52bba37a1b1be3a85a99a41d"

jquery-linear-navigation@~0.3:
  version "0.3.0"
  resolved "https://registry.yarnpkg.com/jquery-linear-navigation/-/jquery-linear-navigation-0.3.0.tgz#27f733647cf4206c35a47126d0172e24faa5a850"

jquery-menu@>=0.7.2:
  version "0.7.2"
  resolved "https://registry.yarnpkg.com/jquery-menu/-/jquery-menu-0.7.2.tgz#d2c7266cc8fde2e2f13c078b03561a6feb741c82"

jquery-mouse-exit@~0.2:
  version "0.2.0"
  resolved "https://registry.yarnpkg.com/jquery-mouse-exit/-/jquery-mouse-exit-0.2.0.tgz#cb838d37c50d2097b1cf531a505b2b170f176425"

jquery-next-id@~0.1:
  version "0.1.0"
  resolved "https://registry.yarnpkg.com/jquery-next-id/-/jquery-next-id-0.1.0.tgz#9a96b8ab2b8226454cdc69bcdfc3db87ceffa3c1"

jquery-prevent-scroll-keys@>=0.5.1:
  version "0.5.1"
  resolved "https://registry.yarnpkg.com/jquery-prevent-scroll-keys/-/jquery-prevent-scroll-keys-0.5.1.tgz#c2d45e42cf8672cb3226820e93ad90e0bacca0c4"

jquery-roving-tabindex@~0.12:
  version "0.12.0"
  resolved "https://registry.yarnpkg.com/jquery-roving-tabindex/-/jquery-roving-tabindex-0.12.0.tgz#6b28b92701f69cfaf1b2cf19699e86687aaa9df1"

jquery-screenreader-trap@~0.3:
  version "0.3.2"
  resolved "https://registry.yarnpkg.com/jquery-screenreader-trap/-/jquery-screenreader-trap-0.3.2.tgz#4229265150bc7739e4a41a176d040ca6a29e0f11"

jquery-skip-to@~0.0:
  version "0.0.1"
  resolved "https://registry.yarnpkg.com/jquery-skip-to/-/jquery-skip-to-0.0.1.tgz#00d5a2baaa6c243af4e20ecd2f46088f66b317cb"

jquery-tabs@~0.5:
  version "0.5.0"
  resolved "https://registry.yarnpkg.com/jquery-tabs/-/jquery-tabs-0.5.0.tgz#f5b297c63a045e424339593a3e8c28912b322de7"

jquery-tooltip@~0.2:
  version "0.2.0"
  resolved "https://registry.yarnpkg.com/jquery-tooltip/-/jquery-tooltip-0.2.0.tgz#6e4758b56acfac0a625d77e1d53144d347d7a657"

jquery@>=1.11:
  version "3.2.1"
  resolved "https://registry.yarnpkg.com/jquery/-/jquery-3.2.1.tgz#5c4d9de652af6cd0a770154a631bba12b015c787"
